
Microsoft Visual Studio Solution File, Format Version 12.00
# Visual Studio Version 16
VisualStudioVersion = 16.0.30517.126
MinimumVisualStudioVersion = 10.0.40219.1
Project("{8BC9CEB8-8B4A-11D0-8D11-00A0C91BC942}") = "Napis", "Napis.vcxproj", "{20A3400B-65E2-4252-9862-890E75F2755C}"
EndProject
Global
	GlobalSection(SolutionConfigurationPlatforms) = preSolution
		Debug|x64 = Debug|x64
		Debug|x86 = Debug|x86
		Release|x64 = Release|x64
		Release|x86 = Release|x86
	EndGlobalSection
	GlobalSection(ProjectConfigurationPlatforms) = postSolution
		{20A3400B-65E2-4252-9862-890E75F2755C}.Debug|x64.ActiveCfg = Debug|x64
		{20A3400B-65E2-4252-9862-890E75F2755C}.Debug|x64.Build.0 = Debug|x64
		{20A3400B-65E2-4252-9862-890E75F2755C}.Debug|x86.ActiveCfg = Debug|Win32
		{20A3400B-65E2-4252-9862-890E75F2755C}.Debug|x86.Build.0 = Debug|Win32
		{20A3400B-65E2-4252-9862-890E75F2755C}.Release|x64.ActiveCfg = Release|x64
		{20A3400B-65E2-4252-9862-890E75F2755C}.Release|x64.Build.0 = Release|x64
		{20A3400B-65E2-4252-9862-890E75F2755C}.Release|x86.ActiveCfg = Release|Win32
		{20A3400B-65E2-4252-9862-890E75F2755C}.Release|x86.Build.0 = Release|Win32
	EndGlobalSection
	GlobalSection(SolutionProperties) = preSolution
		HideSolutionNode = FALSE
	EndGlobalSection
	GlobalSection(ExtensibilityGlobals) = postSolution
		SolutionGuid = {04FBBCEF-9A74-4560-A103-3BB30F24A2DD}
	EndGlobalSection
EndGlobal
